// !$*UTF8*$!
{
	archiveVersion = 1;
	classes = {
	};
	objectVersion = 46;
	objects = {

/* Begin PBXBuildFile section */
		AB9EE1911FE3511D0046835F /* AppDelegate.swift in Sources */ = {isa = PBXBuildFile; fileRef = AB9EE1901FE3511D0046835F /* AppDelegate.swift */; };
		AB9EE1931FE3511D0046835F /* ViewController.swift in Sources */ = {isa = PBXBuildFile; fileRef = AB9EE1921FE3511D0046835F /* ViewController.swift */; };
		AB9EE1961FE3511D0046835F /* Main.storyboard in Resources */ = {isa = PBXBuildFile; fileRef = AB9EE1941FE3511D0046835F /* Main.storyboard */; };
		AB9EE1981FE3511D0046835F /* Assets.xcassets in Resources */ = {isa = PBXBuildFile; fileRef = AB9EE1971FE3511D0046835F /* Assets.xcassets */; };
		AB9EE19B1FE3511D0046835F /* LaunchScreen.storyboard in Resources */ = {isa = PBXBuildFile; fileRef = AB9EE1991FE3511D0046835F /* LaunchScreen.storyboard */; };
/* End PBXBuildFile section */

/* Begin PBXFileReference section */
		AB9EE18D1FE3511D0046835F /* pz_challenge_ios.app */ = {isa = PBXFileReference; explicitFileType = wrapper.application; includeInIndex = 0; path = pz_challenge_ios.app; sourceTree = BUILT_PRODUCTS_DIR; };
		AB9EE1901FE3511D0046835F /* AppDelegate.swift */ = {isa = PBXFileReference; lastKnownFileType = sourcecode.swift; path = AppDelegate.swift; sourceTree = "<group>"; };
		AB9EE1921FE3511D0046835F /* ViewController.swift */ = {isa = PBXFileReference; lastKnownFileType = sourcecode.swift; path = ViewController.swift; sourceTree = "<group>"; };
		AB9EE1951FE3511D0046835F /* Base */ = {isa = PBXFileReference; lastKnownFileType = file.storyboard; name = Base; path = Base.lproj/Main.storyboard; sourceTree = "<group>"; };
		AB9EE1971FE3511D0046835F /* Assets.xcassets */ = {isa = PBXFileReference; lastKnownFileType = folder.assetcatalog; path = Assets.xcassets; sourceTree = "<group>"; };
		AB9EE19A1FE3511D0046835F /* Base */ = {isa = PBXFileReference; lastKnownFileType = file.storyboard; name = Base; path = Base.lproj/LaunchScreen.storyboard; sourceTree = "<group>"; };
		AB9EE19C1FE3511D0046835F /* Info.plist */ = {isa = PBXFileReference; lastKnownFileType = text.plist.xml; path = Info.plist; sourceTree = "<group>"; };
/* End PBXFileReference section */

/* Begin PBXFrameworksBuildPhase section */
		AB9EE18A1FE3511D0046835F /* Frameworks */ = {
			isa = PBXFrameworksBuildPhase;
			buildActionMask = 2147483647;
			files = (
			);
			runOnlyForDeploymentPostprocessing = 0;
		};
/* End PBXFrameworksBuildPhase section */

/* Begin PBXGroup section */
		AB9EE1841FE3511D0046835F = {
			isa = PBXGroup;
			children = (
				AB9EE18F1FE3511D0046835F /* pz_challenge_ios */,
				AB9EE18E1FE3511D0046835F /* Products */,
			);
			sourceTree = "<group>";
		};
		AB9EE18E1FE3511D0046835F /* Products */ = {
			isa = PBXGroup;
			children = (
				AB9EE18D1FE3511D0046835F /* pz_challenge_ios.app */,
			);
			name = Products;
			sourceTree = "<group>";
		};
		AB9EE18F1FE3511D0046835F /* pz_challenge_ios */ = {
			isa = PBXGroup;
			children = (
				AB9EE1901FE3511D0046835F /* AppDelegate.swift */,
				AB9EE1921FE3511D0046835F /* ViewController.swift */,
				AB9EE1941FE3511D0046835F /* Main.storyboard */,
				AB9EE1971FE3511D0046835F /* Assets.xcassets */,
				AB9EE1991FE3511D0046835F /* LaunchScreen.storyboard */,
				AB9EE19C1FE3511D0046835F /* Info.plist */,
			);
			path = pz_challenge_ios;
			sourceTree = "<group>";
		};
/* End PBXGroup section */

/* Begin PBXNativeTarget section */
		AB9EE18C1FE3511D0046835F /* pz_challenge_ios */ = {
			isa = PBXNativeTarget;
			buildConfigurationList = AB9EE19F1FE3511D0046835F /* Build configuration list for PBXNativeTarget "pz_challenge_ios" */;
			buildPhases = (
				AB9EE1891FE3511D0046835F /* Sources */,
				AB9EE18A1FE3511D0046835F /* Frameworks */,
				AB9EE18B1FE3511D0046835F /* Resources */,
			);
			buildRules = (
			);
			dependencies = (
			);
			name = pz_challenge_ios;
			productName = pz_challenge_ios;
			productReference = AB9EE18D1FE3511D0046835F /* pz_challenge_ios.app */;
			productType = "com.apple.product-type.application";
		};
/* End PBXNativeTarget section */

/* Begin PBXProject section */
		AB9EE1851FE3511D0046835F /* Project object */ = {
			isa = PBXProject;
			attributes = {
				LastSwiftUpdateCheck = 0830;
				LastUpgradeCheck = 0830;
				ORGANIZATIONNAME = "Jonathan Nascimento";
				TargetAttributes = {
					AB9EE18C1FE3511D0046835F = {
						CreatedOnToolsVersion = 8.3.3;
						ProvisioningStyle = Automatic;
					};
				};
			};
			buildConfigurationList = AB9EE1881FE3511D0046835F /* Build configuration list for PBXProject "pz_challenge_ios" */;
			compatibilityVersion = "Xcode 3.2";
			developmentRegion = English;
			hasScannedForEncodings = 0;
			knownRegions = (
				en,
				Base,
			);
			mainGroup = AB9EE1841FE3511D0046835F;
			productRefGroup = AB9EE18E1FE3511D0046835F /* Products */;
			projectDirPath = "";
			projectRoot = "";
			targets = (
				AB9EE18C1FE3511D0046835F /* pz_challenge_ios */,
			);
		};
/* End PBXProject section */

/* Begin PBXResourcesBuildPhase section */
		AB9EE18B1FE3511D0046835F /* Resources */ = {
			isa = PBXResourcesBuildPhase;
			buildActionMask = 2147483647;
			files = (
				AB9EE19B1FE3511D0046835F /* LaunchScreen.storyboard in Resources */,
				AB9EE1981FE3511D0046835F /* Assets.xcassets in Resources */,
				AB9EE1961FE3511D0046835F /* Main.storyboard in Resources */,
			);
			runOnlyForDeploymentPostprocessing = 0;
		};
/* End PBXResourcesBuildPhase section */

/* Begin PBXSourcesBuildPhase section */
		AB9EE1891FE3511D0046835F /* Sources */ = {
			isa = PBXSourcesBuildPhase;
			buildActionMask = 2147483647;
			files = (
				AB9EE1931FE3511D0046835F /* ViewController.swift in Sources */,
				AB9EE1911FE3511D0046835F /* AppDelegate.swift in Sources */,
			);
			runOnlyForDeploymentPostprocessing = 0;
		};
/* End PBXSourcesBuildPhase section */

/* Begin PBXVariantGroup section */
		AB9EE1941FE3511D0046835F /* Main.storyboard */ = {
			isa = PBXVariantGroup;
			children = (
				AB9EE1951FE3511D0046835F /* Base */,
			);
			name = Main.storyboard;
			sourceTree = "<group>";
		};
		AB9EE1991FE3511D0046835F /* LaunchScreen.storyboard */ = {
			isa = PBXVariantGroup;
			children = (
				AB9EE19A1FE3511D0046835F /* Base */,
			);
			name = LaunchScreen.storyboard;
			sourceTree = "<group>";
		};
/* End PBXVariantGroup section */

/* Begin XCBuildConfiguration section */
		AB9EE19D1FE3511D0046835F /* Debug */ = {
			isa = XCBuildConfiguration;
			buildSettings = {
				ALWAYS_SEARCH_USER_PATHS = NO;
				CLANG_ANALYZER_NONNULL = YES;
				CLANG_ANALYZER_NUMBER_OBJECT_CONVERSION = YES_AGGRESSIVE;
				CLANG_CXX_LANGUAGE_STANDARD = "gnu++0x";
				CLANG_CXX_LIBRARY = "libc++";
				CLANG_ENABLE_MODULES = YES;
				CLANG_ENABLE_OBJC_ARC = YES;
				CLANG_WARN_BOOL_CONVERSION = YES;
				CLANG_WARN_CONSTANT_CONVERSION = YES;
				CLANG_WARN_DIRECT_OBJC_ISA_USAGE = YES_ERROR;
				CLANG_WARN_DOCUMENTATION_COMMENTS = YES;
				CLANG_WARN_EMPTY_BODY = YES;
				CLANG_WARN_ENUM_CONVERSION = YES;
				CLANG_WARN_INFINITE_RECURSION = YES;
				CLANG_WARN_INT_CONVERSION = YES;
				CLANG_WARN_OBJC_ROOT_CLASS = YES_ERROR;
				CLANG_WARN_SUSPICIOUS_MOVE = YES;
				CLANG_WARN_UNREACHABLE_CODE = YES;
				CLANG_WARN__DUPLICATE_METHOD_MATCH = YES;
				"CODE_SIGN_IDENTITY[sdk=iphoneos*]" = "iPhone Developer";
				COPY_PHASE_STRIP = NO;
				DEBUG_INFORMATION_FORMAT = dwarf;
				ENABLE_STRICT_OBJC_MSGSEND = YES;
				ENABLE_TESTABILITY = YES;
				GCC_C_LANGUAGE_STANDARD = gnu99;
				GCC_DYNAMIC_NO_PIC = NO;
				GCC_NO_COMMON_BLOCKS = YES;
				GCC_OPTIMIZATION_LEVEL = 0;
				GCC_PREPROCESSOR_DEFINITIONS = (
					"DEBUG=1",
					"$(inherited)",
				);
				GCC_WARN_64_TO_32_BIT_CONVERSION = YES;
				GCC_WARN_ABOUT_RETURN_TYPE = YES_ERROR;
				GCC_WARN_UNDECLARED_SELECTOR = YES;
				GCC_WARN_UNINITIALIZED_AUTOS = YES_AGGRESSIVE;
				GCC_WARN_UNUSED_FUNCTION = YES;
				GCC_WARN_UNUSED_VARIABLE = YES;
				IPHONEOS_DEPLOYMENT_TARGET = 10.3;
				MTL_ENABLE_DEBUG_INFO = YES;
				ONLY_ACTIVE_ARCH = YES;
				SDKROOT = iphoneos;
				SWIFT_ACTIVE_COMPILATION_CONDITIONS = DEBUG;
				SWIFT_OPTIMIZATION_LEVEL = "-Onone";
			};
			name = Debug;
		};
		AB9EE19E1FE3511D0046835F /* Release */ = {
			isa = XCBuildConfiguration;
			buildSettings = {
				ALWAYS_SEARCH_USER_PATHS = NO;
				CLANG_ANALYZER_NONNULL = YES;
				CLANG_ANALYZER_NUMBER_OBJECT_CONVERSION = YES_AGGRESSIVE;
				CLANG_CXX_LANGUAGE_STANDARD = "gnu++0x";
				CLANG_CXX_LIBRARY = "libc++";
				CLANG_ENABLE_MODULES = YES;
				CLANG_ENABLE_OBJC_ARC = YES;
				CLANG_WARN_BOOL_CONVERSION = YES;
				CLANG_WARN_CONSTANT_CONVERSION = YES;
				CLANG_WARN_DIRECT_OBJC_ISA_USAGE = YES_ERROR;
				CLANG_WARN_DOCUMENTATION_COMMENTS = YES;
				CLANG_WARN_EMPTY_BODY = YES;
				CLANG_WARN_ENUM_CONVERSION = YES;
				CLANG_WARN_INFINITE_RECURSION = YES;
				CLANG_WARN_INT_CONVERSION = YES;
				CLANG_WARN_OBJC_ROOT_CLASS = YES_ERROR;
				CLANG_WARN_SUSPICIOUS_MOVE = YES;
				CLANG_WARN_UNREACHABLE_CODE = YES;
				CLANG_WARN__DUPLICATE_METHOD_MATCH = YES;
				"CODE_SIGN_IDENTITY[sdk=iphoneos*]" = "iPhone Developer";
				COPY_PHASE_STRIP = NO;
				DEBUG_INFORMATION_FORMAT = "dwarf-with-dsym";
				ENABLE_NS_ASSERTIONS = NO;
				ENABLE_STRICT_OBJC_MSGSEND = YES;
				GCC_C_LANGUAGE_STANDARD = gnu99;
				GCC_NO_COMMON_BLOCKS = YES;
				GCC_WARN_64_TO_32_BIT_CONVERSION = YES;
				GCC_WARN_ABOUT_RETURN_TYPE = YES_ERROR;
				GCC_WARN_UNDECLARED_SELECTOR = YES;
				GCC_WARN_UNINITIALIZED_AUTOS = YES_AGGRESSIVE;
				GCC_WARN_UNUSED_FUNCTION = YES;
				GCC_WARN_UNUSED_VARIABLE = YES;
				IPHONEOS_DEPLOYMENT_TARGET = 10.3;
				MTL_ENABLE_DEBUG_INFO = NO;
				SDKROOT = iphoneos;
				SWIFT_OPTIMIZATION_LEVEL = "-Owholemodule";
				VALIDATE_PRODUCT = YES;
			};
			name = Release;
		};
		AB9EE1A01FE3511D0046835F /* Debug */ = {
			isa = XCBuildConfiguration;
			buildSettings = {
				ASSETCATALOG_COMPILER_APPICON_NAME = AppIcon;
				INFOPLIST_FILE = pz_challenge_ios/Info.plist;
				LD_RUNPATH_SEARCH_PATHS = "$(inherited) @executable_path/Frameworks";
				PRODUCT_BUNDLE_IDENTIFIER = "com.br.pz-challenge-ios";
				PRODUCT_NAME = "$(TARGET_NAME)";
				SWIFT_VERSION = 3.0;
			};
			name = Debug;
		};
		AB9EE1A11FE3511D0046835F /* Release */ = {
			isa = XCBuildConfiguration;
			buildSettings = {
				ASSETCATALOG_COMPILER_APPICON_NAME = AppIcon;
				INFOPLIST_FILE = pz_challenge_ios/Info.plist;
				LD_RUNPATH_SEARCH_PATHS = "$(inherited) @executable_path/Frameworks";
				PRODUCT_BUNDLE_IDENTIFIER = "com.br.pz-challenge-ios";
				PRODUCT_NAME = "$(TARGET_NAME)";
				SWIFT_VERSION = 3.0;
			};
			name = Release;
		};
/* End XCBuildConfiguration section */

/* Begin XCConfigurationList section */
		AB9EE1881FE3511D0046835F /* Build configuration list for PBXProject "pz_challenge_ios" */ = {
			isa = XCConfigurationList;
			buildConfigurations = (
				AB9EE19D1FE3511D0046835F /* Debug */,
				AB9EE19E1FE3511D0046835F /* Release */,
			);
			defaultConfigurationIsVisible = 0;
			defaultConfigurationName = Release;
		};
		AB9EE19F1FE3511D0046835F /* Build configuration list for PBXNativeTarget "pz_challenge_ios" */ = {
			isa = XCConfigurationList;
			buildConfigurations = (
				AB9EE1A01FE3511D0046835F /* Debug */,
				AB9EE1A11FE3511D0046835F /* Release */,
			);
			defaultConfigurationIsVisible = 0;
		};
/* End XCConfigurationList section */
	};
	rootObject = AB9EE1851FE3511D0046835F /* Project object */;
}
