// !$*UTF8*$!
{
	archiveVersion = 1;
	classes = {
	};
	objectVersion = 46;
	objects = {

/* Begin PBXBuildFile section */
		09D8E3B4A5976DD396654E1F /* Pods_pz_challenge_ios.framework in Frameworks */ = {isa = PBXBuildFile; fileRef = E2CAC2888F26D1C2D9D42B2D /* Pods_pz_challenge_ios.framework */; };
		AB5BA07A1FE548690002F0F3 /* Media.swift in Sources */ = {isa = PBXBuildFile; fileRef = AB5BA0791FE548690002F0F3 /* Media.swift */; };
		AB5BA07C1FE54EF60002F0F3 /* DataAssets.swift in Sources */ = {isa = PBXBuildFile; fileRef = AB5BA07B1FE54EF60002F0F3 /* DataAssets.swift */; };
		AB5BA07E1FE551F30002F0F3 /* Text.swift in Sources */ = {isa = PBXBuildFile; fileRef = AB5BA07D1FE551F30002F0F3 /* Text.swift */; };
		AB5BA0801FE553480002F0F3 /* MediaFilesService.swift in Sources */ = {isa = PBXBuildFile; fileRef = AB5BA07F1FE553480002F0F3 /* MediaFilesService.swift */; };
		AB5BA0821FE56D7F0002F0F3 /* BaseViewController.swift in Sources */ = {isa = PBXBuildFile; fileRef = AB5BA0811FE56D7F0002F0F3 /* BaseViewController.swift */; };
		AB5BA0871FE595490002F0F3 /* MediaFilesTableViewCell.swift in Sources */ = {isa = PBXBuildFile; fileRef = AB5BA0851FE595490002F0F3 /* MediaFilesTableViewCell.swift */; };
		AB5BA0881FE595490002F0F3 /* MediaFilesTableViewCell.xib in Resources */ = {isa = PBXBuildFile; fileRef = AB5BA0861FE595490002F0F3 /* MediaFilesTableViewCell.xib */; };
		AB5CD9A81FE5EAA9008E64E5 /* MultiMediaViewController.swift in Sources */ = {isa = PBXBuildFile; fileRef = AB5CD9A71FE5EAA9008E64E5 /* MultiMediaViewController.swift */; };
		AB9EE1911FE3511D0046835F /* AppDelegate.swift in Sources */ = {isa = PBXBuildFile; fileRef = AB9EE1901FE3511D0046835F /* AppDelegate.swift */; };
		AB9EE1961FE3511D0046835F /* Main.storyboard in Resources */ = {isa = PBXBuildFile; fileRef = AB9EE1941FE3511D0046835F /* Main.storyboard */; };
		AB9EE1981FE3511D0046835F /* Assets.xcassets in Resources */ = {isa = PBXBuildFile; fileRef = AB9EE1971FE3511D0046835F /* Assets.xcassets */; };
		AB9EE19B1FE3511D0046835F /* LaunchScreen.storyboard in Resources */ = {isa = PBXBuildFile; fileRef = AB9EE1991FE3511D0046835F /* LaunchScreen.storyboard */; };
		ABE612921FE69DAE00B36719 /* AVPlayer in Resources */ = {isa = PBXBuildFile; fileRef = ABE612911FE69DAE00B36719 /* AVPlayer */; };
		ABE8E2DA1FE383750029AF8B /* MediaViewController.swift in Sources */ = {isa = PBXBuildFile; fileRef = ABE8E2D91FE383750029AF8B /* MediaViewController.swift */; };
/* End PBXBuildFile section */

/* Begin PBXFileReference section */
		48A62663E7BEDBA1BA925E7D /* Pods-pz_challenge_ios.release.xcconfig */ = {isa = PBXFileReference; includeInIndex = 1; lastKnownFileType = text.xcconfig; name = "Pods-pz_challenge_ios.release.xcconfig"; path = "Pods/Target Support Files/Pods-pz_challenge_ios/Pods-pz_challenge_ios.release.xcconfig"; sourceTree = "<group>"; };
		92A14077EAA7B58D8B2E5071 /* Pods-pz_challenge_ios.debug.xcconfig */ = {isa = PBXFileReference; includeInIndex = 1; lastKnownFileType = text.xcconfig; name = "Pods-pz_challenge_ios.debug.xcconfig"; path = "Pods/Target Support Files/Pods-pz_challenge_ios/Pods-pz_challenge_ios.debug.xcconfig"; sourceTree = "<group>"; };
		AB5BA0791FE548690002F0F3 /* Media.swift */ = {isa = PBXFileReference; fileEncoding = 4; lastKnownFileType = sourcecode.swift; path = Media.swift; sourceTree = "<group>"; };
		AB5BA07B1FE54EF60002F0F3 /* DataAssets.swift */ = {isa = PBXFileReference; fileEncoding = 4; lastKnownFileType = sourcecode.swift; path = DataAssets.swift; sourceTree = "<group>"; };
		AB5BA07D1FE551F30002F0F3 /* Text.swift */ = {isa = PBXFileReference; fileEncoding = 4; lastKnownFileType = sourcecode.swift; path = Text.swift; sourceTree = "<group>"; };
		AB5BA07F1FE553480002F0F3 /* MediaFilesService.swift */ = {isa = PBXFileReference; fileEncoding = 4; lastKnownFileType = sourcecode.swift; path = MediaFilesService.swift; sourceTree = "<group>"; };
		AB5BA0811FE56D7F0002F0F3 /* BaseViewController.swift */ = {isa = PBXFileReference; fileEncoding = 4; lastKnownFileType = sourcecode.swift; path = BaseViewController.swift; sourceTree = "<group>"; };
		AB5BA0851FE595490002F0F3 /* MediaFilesTableViewCell.swift */ = {isa = PBXFileReference; fileEncoding = 4; lastKnownFileType = sourcecode.swift; path = MediaFilesTableViewCell.swift; sourceTree = "<group>"; };
		AB5BA0861FE595490002F0F3 /* MediaFilesTableViewCell.xib */ = {isa = PBXFileReference; fileEncoding = 4; lastKnownFileType = file.xib; path = MediaFilesTableViewCell.xib; sourceTree = "<group>"; };
		AB5CD9A71FE5EAA9008E64E5 /* MultiMediaViewController.swift */ = {isa = PBXFileReference; fileEncoding = 4; lastKnownFileType = sourcecode.swift; path = MultiMediaViewController.swift; sourceTree = "<group>"; };
		AB9EE18D1FE3511D0046835F /* pz_challenge_ios.app */ = {isa = PBXFileReference; explicitFileType = wrapper.application; includeInIndex = 0; path = pz_challenge_ios.app; sourceTree = BUILT_PRODUCTS_DIR; };
		AB9EE1901FE3511D0046835F /* AppDelegate.swift */ = {isa = PBXFileReference; lastKnownFileType = sourcecode.swift; path = AppDelegate.swift; sourceTree = "<group>"; };
		AB9EE1951FE3511D0046835F /* Base */ = {isa = PBXFileReference; lastKnownFileType = file.storyboard; name = Base; path = Base.lproj/Main.storyboard; sourceTree = "<group>"; };
		AB9EE1971FE3511D0046835F /* Assets.xcassets */ = {isa = PBXFileReference; lastKnownFileType = folder.assetcatalog; path = Assets.xcassets; sourceTree = "<group>"; };
		AB9EE19A1FE3511D0046835F /* Base */ = {isa = PBXFileReference; lastKnownFileType = file.storyboard; name = Base; path = Base.lproj/LaunchScreen.storyboard; sourceTree = "<group>"; };
		AB9EE19C1FE3511D0046835F /* Info.plist */ = {isa = PBXFileReference; lastKnownFileType = text.plist.xml; path = Info.plist; sourceTree = "<group>"; };
		ABE612911FE69DAE00B36719 /* AVPlayer */ = {isa = PBXFileReference; lastKnownFileType = folder; path = AVPlayer; sourceTree = "<group>"; };
		ABE612931FE69DD100B36719 /* pz_challenge_ios_header.h */ = {isa = PBXFileReference; lastKnownFileType = sourcecode.c.h; path = pz_challenge_ios_header.h; sourceTree = "<group>"; };
		ABE8E2D91FE383750029AF8B /* MediaViewController.swift */ = {isa = PBXFileReference; fileEncoding = 4; lastKnownFileType = sourcecode.swift; path = MediaViewController.swift; sourceTree = "<group>"; };
		E2CAC2888F26D1C2D9D42B2D /* Pods_pz_challenge_ios.framework */ = {isa = PBXFileReference; explicitFileType = wrapper.framework; includeInIndex = 0; path = Pods_pz_challenge_ios.framework; sourceTree = BUILT_PRODUCTS_DIR; };
/* End PBXFileReference section */

/* Begin PBXFrameworksBuildPhase section */
		AB9EE18A1FE3511D0046835F /* Frameworks */ = {
			isa = PBXFrameworksBuildPhase;
			buildActionMask = 2147483647;
			files = (
				09D8E3B4A5976DD396654E1F /* Pods_pz_challenge_ios.framework in Frameworks */,
			);
			runOnlyForDeploymentPostprocessing = 0;
		};
/* End PBXFrameworksBuildPhase section */

/* Begin PBXGroup section */
		6AC34B117BD71A7015CC798A /* Pods */ = {
			isa = PBXGroup;
			children = (
				92A14077EAA7B58D8B2E5071 /* Pods-pz_challenge_ios.debug.xcconfig */,
				48A62663E7BEDBA1BA925E7D /* Pods-pz_challenge_ios.release.xcconfig */,
			);
			name = Pods;
			sourceTree = "<group>";
		};
		AB5BA0771FE545CD0002F0F3 /* Cloud */ = {
			isa = PBXGroup;
			children = (
				AB5BA07F1FE553480002F0F3 /* MediaFilesService.swift */,
			);
			name = Cloud;
			sourceTree = "<group>";
		};
		AB5BA0781FE546190002F0F3 /* Model */ = {
			isa = PBXGroup;
			children = (
				AB5BA0791FE548690002F0F3 /* Media.swift */,
				AB5BA07B1FE54EF60002F0F3 /* DataAssets.swift */,
				AB5BA07D1FE551F30002F0F3 /* Text.swift */,
			);
			name = Model;
			sourceTree = "<group>";
		};
		AB8CF5F51FE35A12005305C4 /* assets */ = {
			isa = PBXGroup;
			children = (
				AB9EE1971FE3511D0046835F /* Assets.xcassets */,
				AB9EE1991FE3511D0046835F /* LaunchScreen.storyboard */,
			);
			name = assets;
			sourceTree = "<group>";
		};
		AB8CF5F61FE35A56005305C4 /* Controller */ = {
			isa = PBXGroup;
			children = (
				AB5BA0851FE595490002F0F3 /* MediaFilesTableViewCell.swift */,
				ABE8E2D91FE383750029AF8B /* MediaViewController.swift */,
				AB5BA0811FE56D7F0002F0F3 /* BaseViewController.swift */,
				AB5CD9A71FE5EAA9008E64E5 /* MultiMediaViewController.swift */,
			);
			name = Controller;
			sourceTree = "<group>";
		};
		AB8CF5F71FE35A7B005305C4 /* SupportingFiles */ = {
			isa = PBXGroup;
			children = (
				AB9EE19C1FE3511D0046835F /* Info.plist */,
			);
			name = SupportingFiles;
			sourceTree = "<group>";
		};
		AB8CF5F81FE36A66005305C4 /* Views */ = {
			isa = PBXGroup;
			children = (
				AB5BA0861FE595490002F0F3 /* MediaFilesTableViewCell.xib */,
				AB9EE1941FE3511D0046835F /* Main.storyboard */,
			);
			name = Views;
			sourceTree = "<group>";
		};
		AB9EE1841FE3511D0046835F = {
			isa = PBXGroup;
			children = (
				AB9EE18F1FE3511D0046835F /* pz_challenge_ios */,
				AB9EE18E1FE3511D0046835F /* Products */,
				6AC34B117BD71A7015CC798A /* Pods */,
				F3AE636F4BBCDEDA07D1E906 /* Frameworks */,
			);
			sourceTree = "<group>";
		};
		AB9EE18E1FE3511D0046835F /* Products */ = {
			isa = PBXGroup;
			children = (
				AB9EE18D1FE3511D0046835F /* pz_challenge_ios.app */,
			);
			name = Products;
			sourceTree = "<group>";
		};
		AB9EE18F1FE3511D0046835F /* pz_challenge_ios */ = {
			isa = PBXGroup;
			children = (
				ABE612911FE69DAE00B36719 /* AVPlayer */,
				AB9EE1901FE3511D0046835F /* AppDelegate.swift */,
				AB5BA0781FE546190002F0F3 /* Model */,
				AB5BA0771FE545CD0002F0F3 /* Cloud */,
				AB8CF5F81FE36A66005305C4 /* Views */,
				AB8CF5F71FE35A7B005305C4 /* SupportingFiles */,
				AB8CF5F61FE35A56005305C4 /* Controller */,
				AB8CF5F51FE35A12005305C4 /* assets */,
				ABE612931FE69DD100B36719 /* pz_challenge_ios_header.h */,
			);
			path = pz_challenge_ios;
			sourceTree = "<group>";
		};
		F3AE636F4BBCDEDA07D1E906 /* Frameworks */ = {
			isa = PBXGroup;
			children = (
				E2CAC2888F26D1C2D9D42B2D /* Pods_pz_challenge_ios.framework */,
			);
			name = Frameworks;
			sourceTree = "<group>";
		};
/* End PBXGroup section */

/* Begin PBXNativeTarget section */
		AB9EE18C1FE3511D0046835F /* pz_challenge_ios */ = {
			isa = PBXNativeTarget;
			buildConfigurationList = AB9EE19F1FE3511D0046835F /* Build configuration list for PBXNativeTarget "pz_challenge_ios" */;
			buildPhases = (
				8A72EEB0FAC786EBB62840ED /* [CP] Check Pods Manifest.lock */,
				AB9EE1891FE3511D0046835F /* Sources */,
				AB9EE18A1FE3511D0046835F /* Frameworks */,
				AB9EE18B1FE3511D0046835F /* Resources */,
				5CAA836C252762F619B674CD /* [CP] Embed Pods Frameworks */,
				B8564541B9C1F9B7E56405FB /* [CP] Copy Pods Resources */,
			);
			buildRules = (
			);
			dependencies = (
			);
			name = pz_challenge_ios;
			productName = pz_challenge_ios;
			productReference = AB9EE18D1FE3511D0046835F /* pz_challenge_ios.app */;
			productType = "com.apple.product-type.application";
		};
/* End PBXNativeTarget section */

/* Begin PBXProject section */
		AB9EE1851FE3511D0046835F /* Project object */ = {
			isa = PBXProject;
			attributes = {
				LastSwiftUpdateCheck = 0830;
				LastUpgradeCheck = 0830;
				ORGANIZATIONNAME = "Jonathan Nascimento";
				TargetAttributes = {
					AB9EE18C1FE3511D0046835F = {
						CreatedOnToolsVersion = 8.3.3;
						ProvisioningStyle = Automatic;
					};
				};
			};
			buildConfigurationList = AB9EE1881FE3511D0046835F /* Build configuration list for PBXProject "pz_challenge_ios" */;
			compatibilityVersion = "Xcode 3.2";
			developmentRegion = English;
			hasScannedForEncodings = 0;
			knownRegions = (
				en,
				Base,
			);
			mainGroup = AB9EE1841FE3511D0046835F;
			productRefGroup = AB9EE18E1FE3511D0046835F /* Products */;
			projectDirPath = "";
			projectRoot = "";
			targets = (
				AB9EE18C1FE3511D0046835F /* pz_challenge_ios */,
			);
		};
/* End PBXProject section */

/* Begin PBXResourcesBuildPhase section */
		AB9EE18B1FE3511D0046835F /* Resources */ = {
			isa = PBXResourcesBuildPhase;
			buildActionMask = 2147483647;
			files = (
				AB9EE19B1FE3511D0046835F /* LaunchScreen.storyboard in Resources */,
				ABE612921FE69DAE00B36719 /* AVPlayer in Resources */,
				AB9EE1981FE3511D0046835F /* Assets.xcassets in Resources */,
				AB5BA0881FE595490002F0F3 /* MediaFilesTableViewCell.xib in Resources */,
				AB9EE1961FE3511D0046835F /* Main.storyboard in Resources */,
			);
			runOnlyForDeploymentPostprocessing = 0;
		};
/* End PBXResourcesBuildPhase section */

/* Begin PBXShellScriptBuildPhase section */
		5CAA836C252762F619B674CD /* [CP] Embed Pods Frameworks */ = {
			isa = PBXShellScriptBuildPhase;
			buildActionMask = 2147483647;
			files = (
			);
			inputPaths = (
				"${SRCROOT}/Pods/Target Support Files/Pods-pz_challenge_ios/Pods-pz_challenge_ios-frameworks.sh",
				"${BUILT_PRODUCTS_DIR}/Alamofire/Alamofire.framework",
				"${BUILT_PRODUCTS_DIR}/AlamofireObjectMapper/AlamofireObjectMapper.framework",
				"${BUILT_PRODUCTS_DIR}/ObjectMapper/ObjectMapper.framework",
				"${BUILT_PRODUCTS_DIR}/SDWebImage/SDWebImage.framework",
			);
			name = "[CP] Embed Pods Frameworks";
			outputPaths = (
				"${TARGET_BUILD_DIR}/${FRAMEWORKS_FOLDER_PATH}/Alamofire.framework",
				"${TARGET_BUILD_DIR}/${FRAMEWORKS_FOLDER_PATH}/AlamofireObjectMapper.framework",
				"${TARGET_BUILD_DIR}/${FRAMEWORKS_FOLDER_PATH}/ObjectMapper.framework",
				"${TARGET_BUILD_DIR}/${FRAMEWORKS_FOLDER_PATH}/SDWebImage.framework",
			);
			runOnlyForDeploymentPostprocessing = 0;
			shellPath = /bin/sh;
			shellScript = "\"${SRCROOT}/Pods/Target Support Files/Pods-pz_challenge_ios/Pods-pz_challenge_ios-frameworks.sh\"\n";
			showEnvVarsInLog = 0;
		};
		8A72EEB0FAC786EBB62840ED /* [CP] Check Pods Manifest.lock */ = {
			isa = PBXShellScriptBuildPhase;
			buildActionMask = 2147483647;
			files = (
			);
			inputPaths = (
				"${PODS_PODFILE_DIR_PATH}/Podfile.lock",
				"${PODS_ROOT}/Manifest.lock",
			);
			name = "[CP] Check Pods Manifest.lock";
			outputPaths = (
				"$(DERIVED_FILE_DIR)/Pods-pz_challenge_ios-checkManifestLockResult.txt",
			);
			runOnlyForDeploymentPostprocessing = 0;
			shellPath = /bin/sh;
			shellScript = "diff \"${PODS_PODFILE_DIR_PATH}/Podfile.lock\" \"${PODS_ROOT}/Manifest.lock\" > /dev/null\nif [ $? != 0 ] ; then\n    # print error to STDERR\n    echo \"error: The sandbox is not in sync with the Podfile.lock. Run 'pod install' or update your CocoaPods installation.\" >&2\n    exit 1\nfi\n# This output is used by Xcode 'outputs' to avoid re-running this script phase.\necho \"SUCCESS\" > \"${SCRIPT_OUTPUT_FILE_0}\"\n";
			showEnvVarsInLog = 0;
		};
		B8564541B9C1F9B7E56405FB /* [CP] Copy Pods Resources */ = {
			isa = PBXShellScriptBuildPhase;
			buildActionMask = 2147483647;
			files = (
			);
			inputPaths = (
			);
			name = "[CP] Copy Pods Resources";
			outputPaths = (
			);
			runOnlyForDeploymentPostprocessing = 0;
			shellPath = /bin/sh;
			shellScript = "\"${SRCROOT}/Pods/Target Support Files/Pods-pz_challenge_ios/Pods-pz_challenge_ios-resources.sh\"\n";
			showEnvVarsInLog = 0;
		};
/* End PBXShellScriptBuildPhase section */

/* Begin PBXSourcesBuildPhase section */
		AB9EE1891FE3511D0046835F /* Sources */ = {
			isa = PBXSourcesBuildPhase;
			buildActionMask = 2147483647;
			files = (
				AB5BA07C1FE54EF60002F0F3 /* DataAssets.swift in Sources */,
				AB5BA0871FE595490002F0F3 /* MediaFilesTableViewCell.swift in Sources */,
				AB5CD9A81FE5EAA9008E64E5 /* MultiMediaViewController.swift in Sources */,
				AB9EE1911FE3511D0046835F /* AppDelegate.swift in Sources */,
				AB5BA0801FE553480002F0F3 /* MediaFilesService.swift in Sources */,
				AB5BA07A1FE548690002F0F3 /* Media.swift in Sources */,
				AB5BA0821FE56D7F0002F0F3 /* BaseViewController.swift in Sources */,
				AB5BA07E1FE551F30002F0F3 /* Text.swift in Sources */,
				ABE8E2DA1FE383750029AF8B /* MediaViewController.swift in Sources */,
			);
			runOnlyForDeploymentPostprocessing = 0;
		};
/* End PBXSourcesBuildPhase section */

/* Begin PBXVariantGroup section */
		AB9EE1941FE3511D0046835F /* Main.storyboard */ = {
			isa = PBXVariantGroup;
			children = (
				AB9EE1951FE3511D0046835F /* Base */,
			);
			name = Main.storyboard;
			sourceTree = "<group>";
		};
		AB9EE1991FE3511D0046835F /* LaunchScreen.storyboard */ = {
			isa = PBXVariantGroup;
			children = (
				AB9EE19A1FE3511D0046835F /* Base */,
			);
			name = LaunchScreen.storyboard;
			sourceTree = "<group>";
		};
/* End PBXVariantGroup section */

/* Begin XCBuildConfiguration section */
		AB9EE19D1FE3511D0046835F /* Debug */ = {
			isa = XCBuildConfiguration;
			buildSettings = {
				ALWAYS_SEARCH_USER_PATHS = NO;
				CLANG_ANALYZER_NONNULL = YES;
				CLANG_ANALYZER_NUMBER_OBJECT_CONVERSION = YES_AGGRESSIVE;
				CLANG_CXX_LANGUAGE_STANDARD = "gnu++0x";
				CLANG_CXX_LIBRARY = "libc++";
				CLANG_ENABLE_MODULES = YES;
				CLANG_ENABLE_OBJC_ARC = YES;
				CLANG_WARN_BOOL_CONVERSION = YES;
				CLANG_WARN_CONSTANT_CONVERSION = YES;
				CLANG_WARN_DIRECT_OBJC_ISA_USAGE = YES_ERROR;
				CLANG_WARN_DOCUMENTATION_COMMENTS = YES;
				CLANG_WARN_EMPTY_BODY = YES;
				CLANG_WARN_ENUM_CONVERSION = YES;
				CLANG_WARN_INFINITE_RECURSION = YES;
				CLANG_WARN_INT_CONVERSION = YES;
				CLANG_WARN_OBJC_ROOT_CLASS = YES_ERROR;
				CLANG_WARN_SUSPICIOUS_MOVE = YES;
				CLANG_WARN_UNREACHABLE_CODE = YES;
				CLANG_WARN__DUPLICATE_METHOD_MATCH = YES;
				"CODE_SIGN_IDENTITY[sdk=iphoneos*]" = "iPhone Developer";
				COPY_PHASE_STRIP = NO;
				DEBUG_INFORMATION_FORMAT = dwarf;
				ENABLE_STRICT_OBJC_MSGSEND = YES;
				ENABLE_TESTABILITY = YES;
				GCC_C_LANGUAGE_STANDARD = gnu99;
				GCC_DYNAMIC_NO_PIC = NO;
				GCC_NO_COMMON_BLOCKS = YES;
				GCC_OPTIMIZATION_LEVEL = 0;
				GCC_PREPROCESSOR_DEFINITIONS = (
					"DEBUG=1",
					"$(inherited)",
				);
				GCC_WARN_64_TO_32_BIT_CONVERSION = YES;
				GCC_WARN_ABOUT_RETURN_TYPE = YES_ERROR;
				GCC_WARN_UNDECLARED_SELECTOR = YES;
				GCC_WARN_UNINITIALIZED_AUTOS = YES_AGGRESSIVE;
				GCC_WARN_UNUSED_FUNCTION = YES;
				GCC_WARN_UNUSED_VARIABLE = YES;
				IPHONEOS_DEPLOYMENT_TARGET = 10.3;
				MTL_ENABLE_DEBUG_INFO = YES;
				ONLY_ACTIVE_ARCH = YES;
				SDKROOT = iphoneos;
				SWIFT_ACTIVE_COMPILATION_CONDITIONS = DEBUG;
				SWIFT_OPTIMIZATION_LEVEL = "-Onone";
			};
			name = Debug;
		};
		AB9EE19E1FE3511D0046835F /* Release */ = {
			isa = XCBuildConfiguration;
			buildSettings = {
				ALWAYS_SEARCH_USER_PATHS = NO;
				CLANG_ANALYZER_NONNULL = YES;
				CLANG_ANALYZER_NUMBER_OBJECT_CONVERSION = YES_AGGRESSIVE;
				CLANG_CXX_LANGUAGE_STANDARD = "gnu++0x";
				CLANG_CXX_LIBRARY = "libc++";
				CLANG_ENABLE_MODULES = YES;
				CLANG_ENABLE_OBJC_ARC = YES;
				CLANG_WARN_BOOL_CONVERSION = YES;
				CLANG_WARN_CONSTANT_CONVERSION = YES;
				CLANG_WARN_DIRECT_OBJC_ISA_USAGE = YES_ERROR;
				CLANG_WARN_DOCUMENTATION_COMMENTS = YES;
				CLANG_WARN_EMPTY_BODY = YES;
				CLANG_WARN_ENUM_CONVERSION = YES;
				CLANG_WARN_INFINITE_RECURSION = YES;
				CLANG_WARN_INT_CONVERSION = YES;
				CLANG_WARN_OBJC_ROOT_CLASS = YES_ERROR;
				CLANG_WARN_SUSPICIOUS_MOVE = YES;
				CLANG_WARN_UNREACHABLE_CODE = YES;
				CLANG_WARN__DUPLICATE_METHOD_MATCH = YES;
				"CODE_SIGN_IDENTITY[sdk=iphoneos*]" = "iPhone Developer";
				COPY_PHASE_STRIP = NO;
				DEBUG_INFORMATION_FORMAT = "dwarf-with-dsym";
				ENABLE_NS_ASSERTIONS = NO;
				ENABLE_STRICT_OBJC_MSGSEND = YES;
				GCC_C_LANGUAGE_STANDARD = gnu99;
				GCC_NO_COMMON_BLOCKS = YES;
				GCC_WARN_64_TO_32_BIT_CONVERSION = YES;
				GCC_WARN_ABOUT_RETURN_TYPE = YES_ERROR;
				GCC_WARN_UNDECLARED_SELECTOR = YES;
				GCC_WARN_UNINITIALIZED_AUTOS = YES_AGGRESSIVE;
				GCC_WARN_UNUSED_FUNCTION = YES;
				GCC_WARN_UNUSED_VARIABLE = YES;
				IPHONEOS_DEPLOYMENT_TARGET = 10.3;
				MTL_ENABLE_DEBUG_INFO = NO;
				SDKROOT = iphoneos;
				SWIFT_OPTIMIZATION_LEVEL = "-Owholemodule";
				VALIDATE_PRODUCT = YES;
			};
			name = Release;
		};
		AB9EE1A01FE3511D0046835F /* Debug */ = {
			isa = XCBuildConfiguration;
			baseConfigurationReference = 92A14077EAA7B58D8B2E5071 /* Pods-pz_challenge_ios.debug.xcconfig */;
			buildSettings = {
				ASSETCATALOG_COMPILER_APPICON_NAME = AppIcon;
				INFOPLIST_FILE = pz_challenge_ios/Info.plist;
				LD_RUNPATH_SEARCH_PATHS = "$(inherited) @executable_path/Frameworks";
				PRODUCT_BUNDLE_IDENTIFIER = "com.br.pz-challenge-ios";
				PRODUCT_NAME = "$(TARGET_NAME)";
				SWIFT_VERSION = 3.0;
			};
			name = Debug;
		};
		AB9EE1A11FE3511D0046835F /* Release */ = {
			isa = XCBuildConfiguration;
			baseConfigurationReference = 48A62663E7BEDBA1BA925E7D /* Pods-pz_challenge_ios.release.xcconfig */;
			buildSettings = {
				ASSETCATALOG_COMPILER_APPICON_NAME = AppIcon;
				INFOPLIST_FILE = pz_challenge_ios/Info.plist;
				LD_RUNPATH_SEARCH_PATHS = "$(inherited) @executable_path/Frameworks";
				PRODUCT_BUNDLE_IDENTIFIER = "com.br.pz-challenge-ios";
				PRODUCT_NAME = "$(TARGET_NAME)";
				SWIFT_VERSION = 3.0;
			};
			name = Release;
		};
/* End XCBuildConfiguration section */

/* Begin XCConfigurationList section */
		AB9EE1881FE3511D0046835F /* Build configuration list for PBXProject "pz_challenge_ios" */ = {
			isa = XCConfigurationList;
			buildConfigurations = (
				AB9EE19D1FE3511D0046835F /* Debug */,
				AB9EE19E1FE3511D0046835F /* Release */,
			);
			defaultConfigurationIsVisible = 0;
			defaultConfigurationName = Release;
		};
		AB9EE19F1FE3511D0046835F /* Build configuration list for PBXNativeTarget "pz_challenge_ios" */ = {
			isa = XCConfigurationList;
			buildConfigurations = (
				AB9EE1A01FE3511D0046835F /* Debug */,
				AB9EE1A11FE3511D0046835F /* Release */,
			);
			defaultConfigurationIsVisible = 0;
			defaultConfigurationName = Release;
		};
/* End XCConfigurationList section */
	};
	rootObject = AB9EE1851FE3511D0046835F /* Project object */;
}
